
Microsoft Visual Studio Solution File, Format Version 12.00
# Visual Studio Version 16
VisualStudioVersion = 16.0.32413.511
MinimumVisualStudioVersion = 10.0.40219.1
Project("{FAE04EC0-301F-11D3-BF4B-00C04F79EFBC}") = "TriangleVerifyer", "TriangleVerifyer\TriangleVerifyer.csproj", "{236A0439-B28B-4E07-9146-416ED22DD250}"
EndProject
Global
	GlobalSection(SolutionConfigurationPlatforms) = preSolution
		Debug|Any CPU = Debug|Any CPU
		Release|Any CPU = Release|Any CPU
	EndGlobalSection
	GlobalSection(ProjectConfigurationPlatforms) = postSolution
		{236A0439-B28B-4E07-9146-416ED22DD250}.Debug|Any CPU.ActiveCfg = Debug|Any CPU
		{236A0439-B28B-4E07-9146-416ED22DD250}.Debug|Any CPU.Build.0 = Debug|Any CPU
		{236A0439-B28B-4E07-9146-416ED22DD250}.Release|Any CPU.ActiveCfg = Release|Any CPU
		{236A0439-B28B-4E07-9146-416ED22DD250}.Release|Any CPU.Build.0 = Release|Any CPU
	EndGlobalSection
	GlobalSection(SolutionProperties) = preSolution
		HideSolutionNode = FALSE
	EndGlobalSection
	GlobalSection(ExtensibilityGlobals) = postSolution
		SolutionGuid = {A00C86F9-9D6F-488A-81D4-FFCAA93E61BE}
	EndGlobalSection
EndGlobal
