
Microsoft Visual Studio Solution File, Format Version 12.00
# Visual Studio Version 16
VisualStudioVersion = 16.0.30717.126
MinimumVisualStudioVersion = 10.0.40219.1
Project("{FAE04EC0-301F-11D3-BF4B-00C04F79EFBC}") = "Triangulos", "Triangulos\Triangulos.csproj", "{D528266D-C0E9-4927-9E97-C1133E7F8979}"
EndProject
Global
	GlobalSection(SolutionConfigurationPlatforms) = preSolution
		Debug|Any CPU = Debug|Any CPU
		Release|Any CPU = Release|Any CPU
	EndGlobalSection
	GlobalSection(ProjectConfigurationPlatforms) = postSolution
		{D528266D-C0E9-4927-9E97-C1133E7F8979}.Debug|Any CPU.ActiveCfg = Debug|Any CPU
		{D528266D-C0E9-4927-9E97-C1133E7F8979}.Debug|Any CPU.Build.0 = Debug|Any CPU
		{D528266D-C0E9-4927-9E97-C1133E7F8979}.Release|Any CPU.ActiveCfg = Release|Any CPU
		{D528266D-C0E9-4927-9E97-C1133E7F8979}.Release|Any CPU.Build.0 = Release|Any CPU
	EndGlobalSection
	GlobalSection(SolutionProperties) = preSolution
		HideSolutionNode = FALSE
	EndGlobalSection
	GlobalSection(ExtensibilityGlobals) = postSolution
		SolutionGuid = {3E8481A7-D4A0-40B1-9A58-77563D3DA133}
	EndGlobalSection
EndGlobal
