
Microsoft Visual Studio Solution File, Format Version 12.00
# Visual Studio Version 16
VisualStudioVersion = 16.0.31624.102
MinimumVisualStudioVersion = 10.0.40219.1
Project("{FAE04EC0-301F-11D3-BF4B-00C04F79EFBC}") = "VerifTriangulo", "VerifTriangulo\VerifTriangulo.csproj", "{5858704C-C457-4A8F-AD34-5A83641991BA}"
EndProject
Global
	GlobalSection(SolutionConfigurationPlatforms) = preSolution
		Debug|Any CPU = Debug|Any CPU
		Release|Any CPU = Release|Any CPU
	EndGlobalSection
	GlobalSection(ProjectConfigurationPlatforms) = postSolution
		{5858704C-C457-4A8F-AD34-5A83641991BA}.Debug|Any CPU.ActiveCfg = Debug|Any CPU
		{5858704C-C457-4A8F-AD34-5A83641991BA}.Debug|Any CPU.Build.0 = Debug|Any CPU
		{5858704C-C457-4A8F-AD34-5A83641991BA}.Release|Any CPU.ActiveCfg = Release|Any CPU
		{5858704C-C457-4A8F-AD34-5A83641991BA}.Release|Any CPU.Build.0 = Release|Any CPU
	EndGlobalSection
	GlobalSection(SolutionProperties) = preSolution
		HideSolutionNode = FALSE
	EndGlobalSection
	GlobalSection(ExtensibilityGlobals) = postSolution
		SolutionGuid = {7D0CF492-6FBD-4A8C-9502-73B433ABF36C}
	EndGlobalSection
EndGlobal
